github.com/alexellis/go-execute v0.5.0 h1:L8kgNlFzNbJov7jrInlaig7i6ZUSz/tYYmqvb8dyD0s=
github.com/alexellis/go-execute v0.5.0/go.mod h1:AgHTcsCF9wrP0mMVTO8N+lFw1Biy71NybBOk8M+qgy8=
github.com/thatisuday/clapper v1.0.10 h1:1EkqE/nb4npp8DuTKnpvVzO/Mcac9lOPND34uUKF+bU=
github.com/thatisuday/clapper v1.0.10/go.mod h1:FQGIg8q2uzeI+3SUS82YKF4E3KexkHStbiK4qTfDknM=
github.com/thatisuday/commando v1.0.4 h1:aNdH9tvmx2EPG6rT3NTQOV/qFYPf4Ap4Spo+q+n9Ois=
github.com/thatisuday/commando v1.0.4/go.mod h1:ODGz6jwJs4QqhLJtCjRRs8xIrmLLMdatYYddP+v1b4E=
